
Microsoft Visual Studio Solution File, Format Version 12.00
# Visual Studio Version 16
VisualStudioVersion = 16.0.32929.386
MinimumVisualStudioVersion = 10.0.40219.1
Project("{FAE04EC0-301F-11D3-BF4B-00C04F79EFBC}") = "task4", "task4\task4.csproj", "{BEE65394-7675-47F8-B963-7877D0E422D5}"
EndProject
Global
	GlobalSection(SolutionConfigurationPlatforms) = preSolution
		Debug|Any CPU = Debug|Any CPU
		Release|Any CPU = Release|Any CPU
	EndGlobalSection
	GlobalSection(ProjectConfigurationPlatforms) = postSolution
		{BEE65394-7675-47F8-B963-7877D0E422D5}.Debug|Any CPU.ActiveCfg = Debug|Any CPU
		{BEE65394-7675-47F8-B963-7877D0E422D5}.Debug|Any CPU.Build.0 = Debug|Any CPU
		{BEE65394-7675-47F8-B963-7877D0E422D5}.Release|Any CPU.ActiveCfg = Release|Any CPU
		{BEE65394-7675-47F8-B963-7877D0E422D5}.Release|Any CPU.Build.0 = Release|Any CPU
	EndGlobalSection
	GlobalSection(SolutionProperties) = preSolution
		HideSolutionNode = FALSE
	EndGlobalSection
	GlobalSection(ExtensibilityGlobals) = postSolution
		SolutionGuid = {DF5A3DDE-605E-445D-A9D1-FDE229D1BA86}
	EndGlobalSection
EndGlobal
